
Microsoft Visual Studio Solution File, Format Version 12.00
# Visual Studio Version 16
VisualStudioVersion = 16.0.31313.79
MinimumVisualStudioVersion = 10.0.40219.1
Project("{9A19103F-16F7-4668-BE54-9A1E7A4F7556}") = "YingHua.Abp.AspNetCore.Mvc.UI.Theme.Basic", "src\YingHua.Abp.AspNetCore.Mvc.UI.Theme.Basic\YingHua.Abp.AspNetCore.Mvc.UI.Theme.Basic.csproj", "{9E9F5952-00C3-42B0-BA77-2E04466F2170}"
EndProject
Global
	GlobalSection(SolutionConfigurationPlatforms) = preSolution
		Debug|Any CPU = Debug|Any CPU
		Release|Any CPU = Release|Any CPU
	EndGlobalSection
	GlobalSection(ProjectConfigurationPlatforms) = postSolution
		{9E9F5952-00C3-42B0-BA77-2E04466F2170}.Debug|Any CPU.ActiveCfg = Debug|Any CPU
		{9E9F5952-00C3-42B0-BA77-2E04466F2170}.Debug|Any CPU.Build.0 = Debug|Any CPU
		{9E9F5952-00C3-42B0-BA77-2E04466F2170}.Release|Any CPU.ActiveCfg = Release|Any CPU
		{9E9F5952-00C3-42B0-BA77-2E04466F2170}.Release|Any CPU.Build.0 = Release|Any CPU
	EndGlobalSection
	GlobalSection(SolutionProperties) = preSolution
		HideSolutionNode = FALSE
	EndGlobalSection
	GlobalSection(ExtensibilityGlobals) = postSolution
		SolutionGuid = {C4535B33-3F70-4474-BD40-E078AE804BCD}
	EndGlobalSection
EndGlobal
