
Microsoft Visual Studio Solution File, Format Version 12.00
# Visual Studio Version 16
VisualStudioVersion = 16.0.31205.134
MinimumVisualStudioVersion = 10.0.40219.1
Project("{9A19103F-16F7-4668-BE54-9A1E7A4F7556}") = "YingHua.Abp.Components.WebAssembly.SyncfusionTheme", "src\YingHua.Abp.Components.WebAssembly.SyncfusionTheme\YingHua.Abp.Components.WebAssembly.SyncfusionTheme.csproj", "{359BEE6D-484D-4F14-B8B5-F6A02467B893}"
EndProject
Project("{9A19103F-16F7-4668-BE54-9A1E7A4F7556}") = "YingHua.Abp.Components.Web.BasicTheme", "src\YingHua.Abp.Components.Web.BasicTheme\YingHua.Abp.Components.Web.BasicTheme.csproj", "{076A0FEF-8CA0-43D9-B8A1-9C3EE1151BA0}"
EndProject
Project("{9A19103F-16F7-4668-BE54-9A1E7A4F7556}") = "YingHua.Abp.Components.Web.Theming", "src\YingHua.Abp.Components.Web.Theming\YingHua.Abp.Components.Web.Theming.csproj", "{0ACA2AAC-11B5-4FC6-936C-FF29A0FFEA65}"
EndProject
Project("{9A19103F-16F7-4668-BE54-9A1E7A4F7556}") = "YingHua.Abp.Components.WebAssembly.Theming", "src\YingHua.Abp.Components.WebAssembly.Theming\YingHua.Abp.Components.WebAssembly.Theming.csproj", "{9B896DED-9EBA-4EAE-B397-E4251725D445}"
EndProject
Project("{9A19103F-16F7-4668-BE54-9A1E7A4F7556}") = "YingHua.Abp.SyncfusionUI", "src\YingHua.Abp.SyncfusionUI\YingHua.Abp.SyncfusionUI.csproj", "{63822847-3A7F-466E-84C1-BF9F12106F59}"
EndProject
Global
	GlobalSection(SolutionConfigurationPlatforms) = preSolution
		Debug|Any CPU = Debug|Any CPU
		Release|Any CPU = Release|Any CPU
	EndGlobalSection
	GlobalSection(ProjectConfigurationPlatforms) = postSolution
		{359BEE6D-484D-4F14-B8B5-F6A02467B893}.Debug|Any CPU.ActiveCfg = Debug|Any CPU
		{359BEE6D-484D-4F14-B8B5-F6A02467B893}.Debug|Any CPU.Build.0 = Debug|Any CPU
		{359BEE6D-484D-4F14-B8B5-F6A02467B893}.Release|Any CPU.ActiveCfg = Release|Any CPU
		{359BEE6D-484D-4F14-B8B5-F6A02467B893}.Release|Any CPU.Build.0 = Release|Any CPU
		{076A0FEF-8CA0-43D9-B8A1-9C3EE1151BA0}.Debug|Any CPU.ActiveCfg = Debug|Any CPU
		{076A0FEF-8CA0-43D9-B8A1-9C3EE1151BA0}.Debug|Any CPU.Build.0 = Debug|Any CPU
		{076A0FEF-8CA0-43D9-B8A1-9C3EE1151BA0}.Release|Any CPU.ActiveCfg = Release|Any CPU
		{076A0FEF-8CA0-43D9-B8A1-9C3EE1151BA0}.Release|Any CPU.Build.0 = Release|Any CPU
		{0ACA2AAC-11B5-4FC6-936C-FF29A0FFEA65}.Debug|Any CPU.ActiveCfg = Debug|Any CPU
		{0ACA2AAC-11B5-4FC6-936C-FF29A0FFEA65}.Debug|Any CPU.Build.0 = Debug|Any CPU
		{0ACA2AAC-11B5-4FC6-936C-FF29A0FFEA65}.Release|Any CPU.ActiveCfg = Release|Any CPU
		{0ACA2AAC-11B5-4FC6-936C-FF29A0FFEA65}.Release|Any CPU.Build.0 = Release|Any CPU
		{9B896DED-9EBA-4EAE-B397-E4251725D445}.Debug|Any CPU.ActiveCfg = Debug|Any CPU
		{9B896DED-9EBA-4EAE-B397-E4251725D445}.Debug|Any CPU.Build.0 = Debug|Any CPU
		{9B896DED-9EBA-4EAE-B397-E4251725D445}.Release|Any CPU.ActiveCfg = Release|Any CPU
		{9B896DED-9EBA-4EAE-B397-E4251725D445}.Release|Any CPU.Build.0 = Release|Any CPU
		{63822847-3A7F-466E-84C1-BF9F12106F59}.Debug|Any CPU.ActiveCfg = Debug|Any CPU
		{63822847-3A7F-466E-84C1-BF9F12106F59}.Debug|Any CPU.Build.0 = Debug|Any CPU
		{63822847-3A7F-466E-84C1-BF9F12106F59}.Release|Any CPU.ActiveCfg = Release|Any CPU
		{63822847-3A7F-466E-84C1-BF9F12106F59}.Release|Any CPU.Build.0 = Release|Any CPU
	EndGlobalSection
	GlobalSection(SolutionProperties) = preSolution
		HideSolutionNode = FALSE
	EndGlobalSection
	GlobalSection(ExtensibilityGlobals) = postSolution
		SolutionGuid = {F8504027-3C6C-43A3-94C7-4BD6B7963725}
	EndGlobalSection
EndGlobal
