
Microsoft Visual Studio Solution File, Format Version 12.00
# Visual Studio Version 16
VisualStudioVersion = 16.0.31313.79
MinimumVisualStudioVersion = 10.0.40219.1
Project("{9A19103F-16F7-4668-BE54-9A1E7A4F7556}") = "YingHua.Abp.AspNetCore.Mvc.UI.Theme.Basic", "src\YingHua.Abp.AspNetCore.Mvc.UI.Theme.Basic\YingHua.Abp.AspNetCore.Mvc.UI.Theme.Basic.csproj", "{50786C49-6089-4AFB-9F80-96A595D6BAC0}"
EndProject
Global
	GlobalSection(SolutionConfigurationPlatforms) = preSolution
		Debug|Any CPU = Debug|Any CPU
		Release|Any CPU = Release|Any CPU
	EndGlobalSection
	GlobalSection(ProjectConfigurationPlatforms) = postSolution
		{50786C49-6089-4AFB-9F80-96A595D6BAC0}.Debug|Any CPU.ActiveCfg = Debug|Any CPU
		{50786C49-6089-4AFB-9F80-96A595D6BAC0}.Debug|Any CPU.Build.0 = Debug|Any CPU
		{50786C49-6089-4AFB-9F80-96A595D6BAC0}.Release|Any CPU.ActiveCfg = Release|Any CPU
		{50786C49-6089-4AFB-9F80-96A595D6BAC0}.Release|Any CPU.Build.0 = Release|Any CPU
	EndGlobalSection
	GlobalSection(SolutionProperties) = preSolution
		HideSolutionNode = FALSE
	EndGlobalSection
	GlobalSection(ExtensibilityGlobals) = postSolution
		SolutionGuid = {8B0898F1-44B6-4630-BCE9-17353EB0964E}
	EndGlobalSection
EndGlobal
