
Microsoft Visual Studio Solution File, Format Version 12.00
# Visual Studio Version 16
VisualStudioVersion = 16.0.31205.134
MinimumVisualStudioVersion = 10.0.40219.1
Project("{9A19103F-16F7-4668-BE54-9A1E7A4F7556}") = "Volo.Abp.AspNetCore.Components.Web.Basic", "src\Volo.Abp.AspNetCore.Components.Web.Basic\Volo.Abp.AspNetCore.Components.Web.Basic.csproj", "{C6DA6B39-0F1D-4656-9170-C5B8928E0FBF}"
EndProject
Project("{9A19103F-16F7-4668-BE54-9A1E7A4F7556}") = "Volo.Abp.AspNetCore.Components.WebAssembly.BootstrapTheme", "src\Volo.Abp.AspNetCore.Components.WebAssembly.BootstrapTheme\Volo.Abp.AspNetCore.Components.WebAssembly.BootstrapTheme.csproj", "{104F0EA5-9A53-4CFA-AF49-92281A50BBFF}"
EndProject
Global
	GlobalSection(SolutionConfigurationPlatforms) = preSolution
		Debug|Any CPU = Debug|Any CPU
		Release|Any CPU = Release|Any CPU
	EndGlobalSection
	GlobalSection(ProjectConfigurationPlatforms) = postSolution
		{C6DA6B39-0F1D-4656-9170-C5B8928E0FBF}.Debug|Any CPU.ActiveCfg = Debug|Any CPU
		{C6DA6B39-0F1D-4656-9170-C5B8928E0FBF}.Debug|Any CPU.Build.0 = Debug|Any CPU
		{C6DA6B39-0F1D-4656-9170-C5B8928E0FBF}.Release|Any CPU.ActiveCfg = Release|Any CPU
		{C6DA6B39-0F1D-4656-9170-C5B8928E0FBF}.Release|Any CPU.Build.0 = Release|Any CPU
		{104F0EA5-9A53-4CFA-AF49-92281A50BBFF}.Debug|Any CPU.ActiveCfg = Debug|Any CPU
		{104F0EA5-9A53-4CFA-AF49-92281A50BBFF}.Debug|Any CPU.Build.0 = Debug|Any CPU
		{104F0EA5-9A53-4CFA-AF49-92281A50BBFF}.Release|Any CPU.ActiveCfg = Release|Any CPU
		{104F0EA5-9A53-4CFA-AF49-92281A50BBFF}.Release|Any CPU.Build.0 = Release|Any CPU
	EndGlobalSection
	GlobalSection(SolutionProperties) = preSolution
		HideSolutionNode = FALSE
	EndGlobalSection
	GlobalSection(ExtensibilityGlobals) = postSolution
		SolutionGuid = {F8504027-3C6C-43A3-94C7-4BD6B7963725}
	EndGlobalSection
EndGlobal
